PODS:
  - Bolts/Tasks (1.9.0)
  - Parse (1.17.2):
    - Parse/Core (= 1.17.2)
  - Parse/Core (1.17.2):
    - Bolts/Tasks (~> 1.9)
  - SDWebImage (4.4.3):
    - SDWebImage/Core (= 4.4.3)
  - SDWebImage/Core (4.4.3)
  - TencentOpenApiSDK (2.9.5):
    - TencentOpenApiSDK/Basic (= 2.9.5)
  - TencentOpenApiSDK/Basic (2.9.5)
  - WechatOpenSDK (1.8.3)
  - YZAppSDK (6.4.10):
    - YZAppSDK/Base (= 6.4.10)
  - YZAppSDK/Base (6.4.10):
    - YZAppSDK/Core
  - YZAppSDK/Core (6.4.10)

DEPENDENCIES:
  - Parse (~> 1.17.2)
  - SDWebImage
  - TencentOpenApiSDK
  - WechatOpenSDK
  - YZAppSDK

SPEC REPOS:
  https://github.com/cocoapods/specs.git:
    - Bolts
    - Parse
    - SDWebImage
    - TencentOpenApiSDK
    - WechatOpenSDK
    - YZAppSDK

SPEC CHECKSUMS:
  Bolts: ac6567323eac61e203f6a9763667d0f711be34c8
  Parse: 3b31a3dd1777b07ee7f0caee32fafbff544483a5
  SDWebImage: c5594f1a19c48d526d321e548902b56b479cd508
  TencentOpenApiSDK: a0d7716edd6eb438d65828168e8e5137301b436d
  WechatOpenSDK: 3117412f8aafde4758cac1e8d20b93c67cafcfef
  YZAppSDK: b6fa1b0db59e46c8dfd4f25d58d2de42e450a480

PODFILE CHECKSUM: 3e0abd5f4dae08a89b30573e768cdd036e10b1bd

COCOAPODS: 1.5.3
