// !$*UTF8*$!
{
	archiveVersion = 1;
	classes = {
	};
	objectVersion = 50;
	objects = {

/* Begin PBXBuildFile section */
		079F1827BD91AC71C7E50E74 /* libPods-NewTown.a in Frameworks */ = {isa = PBXBuildFile; fileRef = 191FDF8BA6EE98F65C0D8615 /* libPods-NewTown.a */; };
		521C612322D6D0FE00489BCD /* SFLabel.m in Sources */ = {isa = PBXBuildFile; fileRef = 521C612222D6D0FE00489BCD /* SFLabel.m */; };
		521C612622D97C3800489BCD /* NewMapNavgationViewController.m in Sources */ = {isa = PBXBuildFile; fileRef = 521C612522D97C3800489BCD /* NewMapNavgationViewController.m */; };
		5221BC152270592000A78013 /* LYWNewfeatureViewController.m in Sources */ = {isa = PBXBuildFile; fileRef = 5221BC142270592000A78013 /* LYWNewfeatureViewController.m */; };
		5227624A22E163F5003CFB3A /* NoticeTypeView.m in Sources */ = {isa = PBXBuildFile; fileRef = 5227624922E163F5003CFB3A /* NoticeTypeView.m */; };
		522934A9227160E900B30E94 /* UIImage+LXExtension.m in Sources */ = {isa = PBXBuildFile; fileRef = 522934A8227160E900B30E94 /* UIImage+LXExtension.m */; };
		5229691F2253549F00BA72A8 /* CustomLabel.m in Sources */ = {isa = PBXBuildFile; fileRef = 5229691E2253549F00BA72A8 /* CustomLabel.m */; };
		522E2D3122AE50EE009F1224 /* MapNavgationViewController.m in Sources */ = {isa = PBXBuildFile; fileRef = 522E2D3022AE50EE009F1224 /* MapNavgationViewController.m */; };
		522E9F1E22CB457200781502 /* DayCollectionViewCell.m in Sources */ = {isa = PBXBuildFile; fileRef = 522E9F1622CB457200781502 /* DayCollectionViewCell.m */; };
		522E9F1F22CB457200781502 /* HotelCalendarViewController.m in Sources */ = {isa = PBXBuildFile; fileRef = 522E9F1722CB457200781502 /* HotelCalendarViewController.m */; };
		522E9F2022CB457200781502 /* MonthModel.m in Sources */ = {isa = PBXBuildFile; fileRef = 522E9F1822CB457200781502 /* MonthModel.m */; };
		522E9F2122CB457200781502 /* MonthTableViewCell.m in Sources */ = {isa = PBXBuildFile; fileRef = 522E9F1B22CB457200781502 /* MonthTableViewCell.m */; };
		522E9F2422CB4FFC00781502 /* SearchResultViewController.m in Sources */ = {isa = PBXBuildFile; fileRef = 522E9F2322CB4FFC00781502 /* SearchResultViewController.m */; };
		522E9F3922CF03F800781502 /* DoubleSliderView.m in Sources */ = {isa = PBXBuildFile; fileRef = 522E9F3722CF03F800781502 /* DoubleSliderView.m */; };
		522E9F3A22CF03F800781502 /* UIView+Extension.m in Sources */ = {isa = PBXBuildFile; fileRef = 522E9F3822CF03F800781502 /* UIView+Extension.m */; };
		522E9F3E22D06AD200781502 /* YZNavigationMenuView.m in Sources */ = {isa = PBXBuildFile; fileRef = 522E9F3D22D06AD200781502 /* YZNavigationMenuView.m */; };
		522E9F4222D07EC900781502 /* SearchNameViewController.m in Sources */ = {isa = PBXBuildFile; fileRef = 522E9F4122D07EC900781502 /* SearchNameViewController.m */; };
		522E9F4622D30E3100781502 /* HotelTableViewCell.m in Sources */ = {isa = PBXBuildFile; fileRef = 522E9F4522D30E3100781502 /* HotelTableViewCell.m */; };
		522E9F4A22D4868800781502 /* HotelDetailView.m in Sources */ = {isa = PBXBuildFile; fileRef = 522E9F4922D4868800781502 /* HotelDetailView.m */; };
		524D811822FAC0990021CF0C /* HouseManageViewController.m in Sources */ = {isa = PBXBuildFile; fileRef = 524D811722FAC0990021CF0C /* HouseManageViewController.m */; };
		525026542301571E00DFFEA0 /* SaveImage_Util.m in Sources */ = {isa = PBXBuildFile; fileRef = 525026532301571E00DFFEA0 /* SaveImage_Util.m */; };
		525B227E22E05E8F001BA5C4 /* MoreFilterViewController.m in Sources */ = {isa = PBXBuildFile; fileRef = 525B227D22E05E8F001BA5C4 /* MoreFilterViewController.m */; };
		525B228122E081DA001BA5C4 /* LeaseTypeView.m in Sources */ = {isa = PBXBuildFile; fileRef = 525B228022E081DA001BA5C4 /* LeaseTypeView.m */; };
		525B228422E098EE001BA5C4 /* EquipmentButton.m in Sources */ = {isa = PBXBuildFile; fileRef = 525B228322E098EE001BA5C4 /* EquipmentButton.m */; };
		526EF98C23387A76006D889C /* UIImage+LXExtension.m in Sources */ = {isa = PBXBuildFile; fileRef = 526EF98B23387A76006D889C /* UIImage+LXExtension.m */; };
		527071BB222CF1BC00B73769 /* AppDelegate.m in Sources */ = {isa = PBXBuildFile; fileRef = 527071BA222CF1BC00B73769 /* AppDelegate.m */; };
		527071C1222CF1BC00B73769 /* Main.storyboard in Resources */ = {isa = PBXBuildFile; fileRef = 527071BF222CF1BC00B73769 /* Main.storyboard */; };
		527071C4222CF1BC00B73769 /* NewTown.xcdatamodeld in Sources */ = {isa = PBXBuildFile; fileRef = 527071C2222CF1BC00B73769 /* NewTown.xcdatamodeld */; };
		527071C6222CF1BE00B73769 /* Assets.xcassets in Resources */ = {isa = PBXBuildFile; fileRef = 527071C5222CF1BE00B73769 /* Assets.xcassets */; };
		527071C9222CF1BE00B73769 /* LaunchScreen.storyboard in Resources */ = {isa = PBXBuildFile; fileRef = 527071C7222CF1BE00B73769 /* LaunchScreen.storyboard */; };
		527071CC222CF1BE00B73769 /* main.m in Sources */ = {isa = PBXBuildFile; fileRef = 527071CB222CF1BE00B73769 /* main.m */; };
		527071D6222CF1BE00B73769 /* NewTownTests.m in Sources */ = {isa = PBXBuildFile; fileRef = 527071D5222CF1BE00B73769 /* NewTownTests.m */; };
		527071E1222CF1BF00B73769 /* NewTownUITests.m in Sources */ = {isa = PBXBuildFile; fileRef = 527071E0222CF1BF00B73769 /* NewTownUITests.m */; };
		527071F3222E76A300B73769 /* WebViewController.m in Sources */ = {isa = PBXBuildFile; fileRef = 527071F1222E76A200B73769 /* WebViewController.m */; };
		527071F7222E778A00B73769 /* UserModel.m in Sources */ = {isa = PBXBuildFile; fileRef = 527071F5222E778A00B73769 /* UserModel.m */; };
		527071FB222E77AE00B73769 /* LoginViewController.m in Sources */ = {isa = PBXBuildFile; fileRef = 527071F9222E77AE00B73769 /* LoginViewController.m */; };
		527071FF222E780900B73769 /* YZDUICService.m in Sources */ = {isa = PBXBuildFile; fileRef = 527071FE222E780800B73769 /* YZDUICService.m */; };
		5299AFF42242407000699683 /* MapInfoViewController.m in Sources */ = {isa = PBXBuildFile; fileRef = 5299AFF32242407000699683 /* MapInfoViewController.m */; };
		5299AFF82243912D00699683 /* CollectionViewController.m in Sources */ = {isa = PBXBuildFile; fileRef = 5299AFF72243912C00699683 /* CollectionViewController.m */; };
		5299AFFB2243AB8900699683 /* CollectTableViewCell.m in Sources */ = {isa = PBXBuildFile; fileRef = 5299AFFA2243AB8900699683 /* CollectTableViewCell.m */; };
		5299AFFE224A362900699683 /* BottomTownItemView.m in Sources */ = {isa = PBXBuildFile; fileRef = 5299AFFD224A362800699683 /* BottomTownItemView.m */; };
		52A120B6231CE302002715D3 /* CustomizeView.m in Sources */ = {isa = PBXBuildFile; fileRef = 52A120B5231CE302002715D3 /* CustomizeView.m */; };
		52BC542322C7478C00E31B50 /* SearchViewController.m in Sources */ = {isa = PBXBuildFile; fileRef = 52BC542222C7478C00E31B50 /* SearchViewController.m */; };
		52BC542722C9F0E300E31B50 /* SelectAddressViewController.m in Sources */ = {isa = PBXBuildFile; fileRef = 52BC542622C9F0E300E31B50 /* SelectAddressViewController.m */; };
		52BC542922CA02ED00E31B50 /* citydict.plist in Resources */ = {isa = PBXBuildFile; fileRef = 52BC542822CA02ED00E31B50 /* citydict.plist */; };
		52D57EBF230EB123007365CE /* TestViewController.m in Sources */ = {isa = PBXBuildFile; fileRef = 52D57EBE230EB123007365CE /* TestViewController.m */; };
		CB3903DF233238C9003C3957 /* loading_1.gif in Resources */ = {isa = PBXBuildFile; fileRef = CB3903DE233238C8003C3957 /* loading_1.gif */; };
/* End PBXBuildFile section */

/* Begin PBXContainerItemProxy section */
		527071D2222CF1BE00B73769 /* PBXContainerItemProxy */ = {
			isa = PBXContainerItemProxy;
			containerPortal = 527071AE222CF1BC00B73769 /* Project object */;
			proxyType = 1;
			remoteGlobalIDString = 527071B5222CF1BC00B73769;
			remoteInfo = NewTown;
		};
		527071DD222CF1BF00B73769 /* PBXContainerItemProxy */ = {
			isa = PBXContainerItemProxy;
			containerPortal = 527071AE222CF1BC00B73769 /* Project object */;
			proxyType = 1;
			remoteGlobalIDString = 527071B5222CF1BC00B73769;
			remoteInfo = NewTown;
		};
/* End PBXContainerItemProxy section */

/* Begin PBXFileReference section */
		191FDF8BA6EE98F65C0D8615 /* libPods-NewTown.a */ = {isa = PBXFileReference; explicitFileType = archive.ar; includeInIndex = 0; path = "libPods-NewTown.a"; sourceTree = BUILT_PRODUCTS_DIR; };
		521C612122D6D0FE00489BCD /* SFLabel.h */ = {isa = PBXFileReference; lastKnownFileType = sourcecode.c.h; path = SFLabel.h; sourceTree = "<group>"; };
		521C612222D6D0FE00489BCD /* SFLabel.m */ = {isa = PBXFileReference; lastKnownFileType = sourcecode.c.objc; path = SFLabel.m; sourceTree = "<group>"; };
		521C612422D97C3800489BCD /* NewMapNavgationViewController.h */ = {isa = PBXFileReference; lastKnownFileType = sourcecode.c.h; path = NewMapNavgationViewController.h; sourceTree = "<group>"; };
		521C612522D97C3800489BCD /* NewMapNavgationViewController.m */ = {isa = PBXFileReference; lastKnownFileType = sourcecode.c.objc; path = NewMapNavgationViewController.m; sourceTree = "<group>"; };
		5221BC132270592000A78013 /* LYWNewfeatureViewController.h */ = {isa = PBXFileReference; lastKnownFileType = sourcecode.c.h; path = LYWNewfeatureViewController.h; sourceTree = "<group>"; };
		5221BC142270592000A78013 /* LYWNewfeatureViewController.m */ = {isa = PBXFileReference; lastKnownFileType = sourcecode.c.objc; path = LYWNewfeatureViewController.m; sourceTree = "<group>"; };
		5227624822E163F5003CFB3A /* NoticeTypeView.h */ = {isa = PBXFileReference; lastKnownFileType = sourcecode.c.h; path = NoticeTypeView.h; sourceTree = "<group>"; };
		5227624922E163F5003CFB3A /* NoticeTypeView.m */ = {isa = PBXFileReference; lastKnownFileType = sourcecode.c.objc; path = NoticeTypeView.m; sourceTree = "<group>"; };
		522934A7227160E900B30E94 /* UIImage+LXExtension.h */ = {isa = PBXFileReference; fileEncoding = 4; lastKnownFileType = sourcecode.c.h; path = "UIImage+LXExtension.h"; sourceTree = "<group>"; };
		522934A8227160E900B30E94 /* UIImage+LXExtension.m */ = {isa = PBXFileReference; fileEncoding = 4; lastKnownFileType = sourcecode.c.objc; path = "UIImage+LXExtension.m"; sourceTree = "<group>"; };
		5229691D2253549F00BA72A8 /* CustomLabel.h */ = {isa = PBXFileReference; lastKnownFileType = sourcecode.c.h; path = CustomLabel.h; sourceTree = "<group>"; };
		5229691E2253549F00BA72A8 /* CustomLabel.m */ = {isa = PBXFileReference; lastKnownFileType = sourcecode.c.objc; path = CustomLabel.m; sourceTree = "<group>"; };
		522E2D2F22AE50EE009F1224 /* MapNavgationViewController.h */ = {isa = PBXFileReference; lastKnownFileType = sourcecode.c.h; path = MapNavgationViewController.h; sourceTree = "<group>"; };
		522E2D3022AE50EE009F1224 /* MapNavgationViewController.m */ = {isa = PBXFileReference; lastKnownFileType = sourcecode.c.objc; path = MapNavgationViewController.m; sourceTree = "<group>"; };
		522E9F1622CB457200781502 /* DayCollectionViewCell.m */ = {isa = PBXFileReference; fileEncoding = 4; lastKnownFileType = sourcecode.c.objc; path = DayCollectionViewCell.m; sourceTree = "<group>"; };
		522E9F1722CB457200781502 /* HotelCalendarViewController.m */ = {isa = PBXFileReference; fileEncoding = 4; lastKnownFileType = sourcecode.c.objc; path = HotelCalendarViewController.m; sourceTree = "<group>"; };
		522E9F1822CB457200781502 /* MonthModel.m */ = {isa = PBXFileReference; fileEncoding = 4; lastKnownFileType = sourcecode.c.objc; path = MonthModel.m; sourceTree = "<group>"; };
		522E9F1922CB457200781502 /* DayCollectionViewCell.h */ = {isa = PBXFileReference; fileEncoding = 4; lastKnownFileType = sourcecode.c.h; path = DayCollectionViewCell.h; sourceTree = "<group>"; };
		522E9F1A22CB457200781502 /* MonthTableViewCell.h */ = {isa = PBXFileReference; fileEncoding = 4; lastKnownFileType = sourcecode.c.h; path = MonthTableViewCell.h; sourceTree = "<group>"; };
		522E9F1B22CB457200781502 /* MonthTableViewCell.m */ = {isa = PBXFileReference; fileEncoding = 4; lastKnownFileType = sourcecode.c.objc; path = MonthTableViewCell.m; sourceTree = "<group>"; };
		522E9F1C22CB457200781502 /* HotelCalendarViewController.h */ = {isa = PBXFileReference; fileEncoding = 4; lastKnownFileType = sourcecode.c.h; path = HotelCalendarViewController.h; sourceTree = "<group>"; };
		522E9F1D22CB457200781502 /* MonthModel.h */ = {isa = PBXFileReference; fileEncoding = 4; lastKnownFileType = sourcecode.c.h; path = MonthModel.h; sourceTree = "<group>"; };
		522E9F2222CB4FFC00781502 /* SearchResultViewController.h */ = {isa = PBXFileReference; lastKnownFileType = sourcecode.c.h; path = SearchResultViewController.h; sourceTree = "<group>"; };
		522E9F2322CB4FFC00781502 /* SearchResultViewController.m */ = {isa = PBXFileReference; lastKnownFileType = sourcecode.c.objc; path = SearchResultViewController.m; sourceTree = "<group>"; };
		522E9F3522CF03F700781502 /* UIView+Extension.h */ = {isa = PBXFileReference; fileEncoding = 4; lastKnownFileType = sourcecode.c.h; path = "UIView+Extension.h"; sourceTree = "<group>"; };
		522E9F3622CF03F700781502 /* DoubleSliderView.h */ = {isa = PBXFileReference; fileEncoding = 4; lastKnownFileType = sourcecode.c.h; path = DoubleSliderView.h; sourceTree = "<group>"; };
		522E9F3722CF03F800781502 /* DoubleSliderView.m */ = {isa = PBXFileReference; fileEncoding = 4; lastKnownFileType = sourcecode.c.objc; path = DoubleSliderView.m; sourceTree = "<group>"; };
		522E9F3822CF03F800781502 /* UIView+Extension.m */ = {isa = PBXFileReference; fileEncoding = 4; lastKnownFileType = sourcecode.c.objc; path = "UIView+Extension.m"; sourceTree = "<group>"; };
		522E9F3C22D06AD200781502 /* YZNavigationMenuView.h */ = {isa = PBXFileReference; fileEncoding = 4; lastKnownFileType = sourcecode.c.h; path = YZNavigationMenuView.h; sourceTree = "<group>"; };
		522E9F3D22D06AD200781502 /* YZNavigationMenuView.m */ = {isa = PBXFileReference; fileEncoding = 4; lastKnownFileType = sourcecode.c.objc; path = YZNavigationMenuView.m; sourceTree = "<group>"; };
		522E9F4022D07EC900781502 /* SearchNameViewController.h */ = {isa = PBXFileReference; lastKnownFileType = sourcecode.c.h; path = SearchNameViewController.h; sourceTree = "<group>"; };
		522E9F4122D07EC900781502 /* SearchNameViewController.m */ = {isa = PBXFileReference; lastKnownFileType = sourcecode.c.objc; path = SearchNameViewController.m; sourceTree = "<group>"; };
		522E9F4422D30E3100781502 /* HotelTableViewCell.h */ = {isa = PBXFileReference; lastKnownFileType = sourcecode.c.h; path = HotelTableViewCell.h; sourceTree = "<group>"; };
		522E9F4522D30E3100781502 /* HotelTableViewCell.m */ = {isa = PBXFileReference; lastKnownFileType = sourcecode.c.objc; path = HotelTableViewCell.m; sourceTree = "<group>"; };
		522E9F4822D4868800781502 /* HotelDetailView.h */ = {isa = PBXFileReference; lastKnownFileType = sourcecode.c.h; path = HotelDetailView.h; sourceTree = "<group>"; };
		522E9F4922D4868800781502 /* HotelDetailView.m */ = {isa = PBXFileReference; lastKnownFileType = sourcecode.c.objc; path = HotelDetailView.m; sourceTree = "<group>"; };
		524D811622FAC0990021CF0C /* HouseManageViewController.h */ = {isa = PBXFileReference; lastKnownFileType = sourcecode.c.h; path = HouseManageViewController.h; sourceTree = "<group>"; };
		524D811722FAC0990021CF0C /* HouseManageViewController.m */ = {isa = PBXFileReference; lastKnownFileType = sourcecode.c.objc; path = HouseManageViewController.m; sourceTree = "<group>"; };
		525026522301571E00DFFEA0 /* SaveImage_Util.h */ = {isa = PBXFileReference; lastKnownFileType = sourcecode.c.h; path = SaveImage_Util.h; sourceTree = "<group>"; };
		525026532301571E00DFFEA0 /* SaveImage_Util.m */ = {isa = PBXFileReference; lastKnownFileType = sourcecode.c.objc; path = SaveImage_Util.m; sourceTree = "<group>"; };
		5256ACF8226D6ADA00AAFB77 /* YZSDKCore.framework */ = {isa = PBXFileReference; lastKnownFileType = wrapper.framework; name = YZSDKCore.framework; path = ../../Downloads/Release/YZSDKCore.framework; sourceTree = "<group>"; };
		5256ACF9226D6ADA00AAFB77 /* YZBaseSDK.framework */ = {isa = PBXFileReference; lastKnownFileType = wrapper.framework; name = YZBaseSDK.framework; path = ../../Downloads/Release/YZBaseSDK.framework; sourceTree = "<group>"; };
		5256ACFC226D6B1A00AAFB77 /* YZBaseSDK.framework */ = {isa = PBXFileReference; lastKnownFileType = wrapper.framework; name = YZBaseSDK.framework; path = Release/YZBaseSDK.framework; sourceTree = "<group>"; };
		5256ACFD226D6B1A00AAFB77 /* YZSDKCore.framework */ = {isa = PBXFileReference; lastKnownFileType = wrapper.framework; name = YZSDKCore.framework; path = Release/YZSDKCore.framework; sourceTree = "<group>"; };
		525B227C22E05E8F001BA5C4 /* MoreFilterViewController.h */ = {isa = PBXFileReference; lastKnownFileType = sourcecode.c.h; path = MoreFilterViewController.h; sourceTree = "<group>"; };
		525B227D22E05E8F001BA5C4 /* MoreFilterViewController.m */ = {isa = PBXFileReference; lastKnownFileType = sourcecode.c.objc; path = MoreFilterViewController.m; sourceTree = "<group>"; };
		525B227F22E081DA001BA5C4 /* LeaseTypeView.h */ = {isa = PBXFileReference; lastKnownFileType = sourcecode.c.h; path = LeaseTypeView.h; sourceTree = "<group>"; };
		525B228022E081DA001BA5C4 /* LeaseTypeView.m */ = {isa = PBXFileReference; lastKnownFileType = sourcecode.c.objc; path = LeaseTypeView.m; sourceTree = "<group>"; };
		525B228222E098EE001BA5C4 /* EquipmentButton.h */ = {isa = PBXFileReference; lastKnownFileType = sourcecode.c.h; path = EquipmentButton.h; sourceTree = "<group>"; };
		525B228322E098EE001BA5C4 /* EquipmentButton.m */ = {isa = PBXFileReference; lastKnownFileType = sourcecode.c.objc; path = EquipmentButton.m; sourceTree = "<group>"; };
		526EF98A23387A75006D889C /* UIImage+LXExtension.h */ = {isa = PBXFileReference; lastKnownFileType = sourcecode.c.h; path = "UIImage+LXExtension.h"; sourceTree = "<group>"; };
		526EF98B23387A76006D889C /* UIImage+LXExtension.m */ = {isa = PBXFileReference; lastKnownFileType = sourcecode.c.objc; path = "UIImage+LXExtension.m"; sourceTree = "<group>"; };
		527071B6222CF1BC00B73769 /* NewTown.app */ = {isa = PBXFileReference; explicitFileType = wrapper.application; includeInIndex = 0; path = NewTown.app; sourceTree = BUILT_PRODUCTS_DIR; };
		527071B9222CF1BC00B73769 /* AppDelegate.h */ = {isa = PBXFileReference; lastKnownFileType = sourcecode.c.h; path = AppDelegate.h; sourceTree = "<group>"; };
		527071BA222CF1BC00B73769 /* AppDelegate.m */ = {isa = PBXFileReference; lastKnownFileType = sourcecode.c.objc; path = AppDelegate.m; sourceTree = "<group>"; };
		527071C0222CF1BC00B73769 /* Base */ = {isa = PBXFileReference; lastKnownFileType = file.storyboard; name = Base; path = Base.lproj/Main.storyboard; sourceTree = "<group>"; };
		527071C3222CF1BC00B73769 /* NewTown.xcdatamodel */ = {isa = PBXFileReference; lastKnownFileType = wrapper.xcdatamodel; path = NewTown.xcdatamodel; sourceTree = "<group>"; };
		527071C5222CF1BE00B73769 /* Assets.xcassets */ = {isa = PBXFileReference; lastKnownFileType = folder.assetcatalog; path = Assets.xcassets; sourceTree = "<group>"; };
		527071C8222CF1BE00B73769 /* Base */ = {isa = PBXFileReference; lastKnownFileType = file.storyboard; name = Base; path = Base.lproj/LaunchScreen.storyboard; sourceTree = "<group>"; };
		527071CA222CF1BE00B73769 /* Info.plist */ = {isa = PBXFileReference; lastKnownFileType = text.plist.xml; path = Info.plist; sourceTree = "<group>"; };
		527071CB222CF1BE00B73769 /* main.m */ = {isa = PBXFileReference; lastKnownFileType = sourcecode.c.objc; path = main.m; sourceTree = "<group>"; };
		527071D1222CF1BE00B73769 /* NewTownTests.xctest */ = {isa = PBXFileReference; explicitFileType = wrapper.cfbundle; includeInIndex = 0; path = NewTownTests.xctest; sourceTree = BUILT_PRODUCTS_DIR; };
		527071D5222CF1BE00B73769 /* NewTownTests.m */ = {isa = PBXFileReference; lastKnownFileType = sourcecode.c.objc; path = NewTownTests.m; sourceTree = "<group>"; };
		527071D7222CF1BE00B73769 /* Info.plist */ = {isa = PBXFileReference; lastKnownFileType = text.plist.xml; path = Info.plist; sourceTree = "<group>"; };
		527071DC222CF1BF00B73769 /* NewTownUITests.xctest */ = {isa = PBXFileReference; explicitFileType = wrapper.cfbundle; includeInIndex = 0; path = NewTownUITests.xctest; sourceTree = BUILT_PRODUCTS_DIR; };
		527071E0222CF1BF00B73769 /* NewTownUITests.m */ = {isa = PBXFileReference; lastKnownFileType = sourcecode.c.objc; path = NewTownUITests.m; sourceTree = "<group>"; };
		527071E2222CF1BF00B73769 /* Info.plist */ = {isa = PBXFileReference; lastKnownFileType = text.plist.xml; path = Info.plist; sourceTree = "<group>"; };
		527071F1222E76A200B73769 /* WebViewController.m */ = {isa = PBXFileReference; fileEncoding = 4; lastKnownFileType = sourcecode.c.objc; path = WebViewController.m; sourceTree = "<group>"; };
		527071F2222E76A300B73769 /* WebViewController.h */ = {isa = PBXFileReference; fileEncoding = 4; lastKnownFileType = sourcecode.c.h; path = WebViewController.h; sourceTree = "<group>"; };
		527071F5222E778A00B73769 /* UserModel.m */ = {isa = PBXFileReference; fileEncoding = 4; lastKnownFileType = sourcecode.c.objc; path = UserModel.m; sourceTree = "<group>"; };
		527071F6222E778A00B73769 /* UserModel.h */ = {isa = PBXFileReference; fileEncoding = 4; lastKnownFileType = sourcecode.c.h; path = UserModel.h; sourceTree = "<group>"; };
		527071F9222E77AE00B73769 /* LoginViewController.m */ = {isa = PBXFileReference; fileEncoding = 4; lastKnownFileType = sourcecode.c.objc; path = LoginViewController.m; sourceTree = "<group>"; };
		527071FA222E77AE00B73769 /* LoginViewController.h */ = {isa = PBXFileReference; fileEncoding = 4; lastKnownFileType = sourcecode.c.h; path = LoginViewController.h; sourceTree = "<group>"; };
		527071FD222E780800B73769 /* YZDUICService.h */ = {isa = PBXFileReference; fileEncoding = 4; lastKnownFileType = sourcecode.c.h; path = YZDUICService.h; sourceTree = "<group>"; };
		527071FE222E780800B73769 /* YZDUICService.m */ = {isa = PBXFileReference; fileEncoding = 4; lastKnownFileType = sourcecode.c.objc; path = YZDUICService.m; sourceTree = "<group>"; };
		52707201222F657800B73769 /* YZDemoConfig.h */ = {isa = PBXFileReference; fileEncoding = 4; lastKnownFileType = sourcecode.c.h; path = YZDemoConfig.h; sourceTree = "<group>"; };
		52707202222F6B4E00B73769 /* CommonHeader.h */ = {isa = PBXFileReference; fileEncoding = 4; lastKnownFileType = sourcecode.c.h; path = CommonHeader.h; sourceTree = "<group>"; };
		5299AFF22242407000699683 /* MapInfoViewController.h */ = {isa = PBXFileReference; lastKnownFileType = sourcecode.c.h; path = MapInfoViewController.h; sourceTree = "<group>"; };
		5299AFF32242407000699683 /* MapInfoViewController.m */ = {isa = PBXFileReference; lastKnownFileType = sourcecode.c.objc; path = MapInfoViewController.m; sourceTree = "<group>"; };
		5299AFF62243912C00699683 /* CollectionViewController.h */ = {isa = PBXFileReference; lastKnownFileType = sourcecode.c.h; path = CollectionViewController.h; sourceTree = "<group>"; };
		5299AFF72243912C00699683 /* CollectionViewController.m */ = {isa = PBXFileReference; lastKnownFileType = sourcecode.c.objc; path = CollectionViewController.m; sourceTree = "<group>"; };
		5299AFF92243AB8900699683 /* CollectTableViewCell.h */ = {isa = PBXFileReference; lastKnownFileType = sourcecode.c.h; path = CollectTableViewCell.h; sourceTree = "<group>"; };
		5299AFFA2243AB8900699683 /* CollectTableViewCell.m */ = {isa = PBXFileReference; lastKnownFileType = sourcecode.c.objc; path = CollectTableViewCell.m; sourceTree = "<group>"; };
		5299AFFC224A362800699683 /* BottomTownItemView.h */ = {isa = PBXFileReference; lastKnownFileType = sourcecode.c.h; path = BottomTownItemView.h; sourceTree = "<group>"; };
		5299AFFD224A362800699683 /* BottomTownItemView.m */ = {isa = PBXFileReference; lastKnownFileType = sourcecode.c.objc; path = BottomTownItemView.m; sourceTree = "<group>"; };
		52A120B4231CE302002715D3 /* CustomizeView.h */ = {isa = PBXFileReference; lastKnownFileType = sourcecode.c.h; path = CustomizeView.h; sourceTree = "<group>"; };
		52A120B5231CE302002715D3 /* CustomizeView.m */ = {isa = PBXFileReference; lastKnownFileType = sourcecode.c.objc; path = CustomizeView.m; sourceTree = "<group>"; };
		52BC542122C7478C00E31B50 /* SearchViewController.h */ = {isa = PBXFileReference; lastKnownFileType = sourcecode.c.h; path = SearchViewController.h; sourceTree = "<group>"; };
		52BC542222C7478C00E31B50 /* SearchViewController.m */ = {isa = PBXFileReference; lastKnownFileType = sourcecode.c.objc; path = SearchViewController.m; sourceTree = "<group>"; };
		52BC542522C9F0E300E31B50 /* SelectAddressViewController.h */ = {isa = PBXFileReference; lastKnownFileType = sourcecode.c.h; path = SelectAddressViewController.h; sourceTree = "<group>"; };
		52BC542622C9F0E300E31B50 /* SelectAddressViewController.m */ = {isa = PBXFileReference; lastKnownFileType = sourcecode.c.objc; path = SelectAddressViewController.m; sourceTree = "<group>"; };
		52BC542822CA02ED00E31B50 /* citydict.plist */ = {isa = PBXFileReference; fileEncoding = 4; lastKnownFileType = text.plist.xml; path = citydict.plist; sourceTree = "<group>"; };
		52D57EBD230EB123007365CE /* TestViewController.h */ = {isa = PBXFileReference; lastKnownFileType = sourcecode.c.h; path = TestViewController.h; sourceTree = "<group>"; };
		52D57EBE230EB123007365CE /* TestViewController.m */ = {isa = PBXFileReference; lastKnownFileType = sourcecode.c.objc; path = TestViewController.m; sourceTree = "<group>"; };
		B18E784FDF957FFF7A65C809 /* Pods-NewTown.release.xcconfig */ = {isa = PBXFileReference; includeInIndex = 1; lastKnownFileType = text.xcconfig; name = "Pods-NewTown.release.xcconfig"; path = "Pods/Target Support Files/Pods-NewTown/Pods-NewTown.release.xcconfig"; sourceTree = "<group>"; };
		CB3903DE233238C8003C3957 /* loading_1.gif */ = {isa = PBXFileReference; lastKnownFileType = image.gif; path = loading_1.gif; sourceTree = "<group>"; };
		F854899CA6E759B27AD4D6C2 /* Pods-NewTown.debug.xcconfig */ = {isa = PBXFileReference; includeInIndex = 1; lastKnownFileType = text.xcconfig; name = "Pods-NewTown.debug.xcconfig"; path = "Pods/Target Support Files/Pods-NewTown/Pods-NewTown.debug.xcconfig"; sourceTree = "<group>"; };
/* End PBXFileReference section */

/* Begin PBXFrameworksBuildPhase section */
		527071B3222CF1BC00B73769 /* Frameworks */ = {
			isa = PBXFrameworksBuildPhase;
			buildActionMask = 2147483647;
			files = (
				079F1827BD91AC71C7E50E74 /* libPods-NewTown.a in Frameworks */,
			);
			runOnlyForDeploymentPostprocessing = 0;
		};
		527071CE222CF1BE00B73769 /* Frameworks */ = {
			isa = PBXFrameworksBuildPhase;
			buildActionMask = 2147483647;
			files = (
			);
			runOnlyForDeploymentPostprocessing = 0;
		};
		527071D9222CF1BF00B73769 /* Frameworks */ = {
			isa = PBXFrameworksBuildPhase;
			buildActionMask = 2147483647;
			files = (
			);
			runOnlyForDeploymentPostprocessing = 0;
		};
/* End PBXFrameworksBuildPhase section */

/* Begin PBXGroup section */
		0DD703DC70EB8C6A8D68DE42 /* Pods */ = {
			isa = PBXGroup;
			children = (
				F854899CA6E759B27AD4D6C2 /* Pods-NewTown.debug.xcconfig */,
				B18E784FDF957FFF7A65C809 /* Pods-NewTown.release.xcconfig */,
			);
			name = Pods;
			sourceTree = "<group>";
		};
		521C612022D6D0E000489BCD /* SFLabel */ = {
			isa = PBXGroup;
			children = (
				521C612122D6D0FE00489BCD /* SFLabel.h */,
				521C612222D6D0FE00489BCD /* SFLabel.m */,
			);
			path = SFLabel;
			sourceTree = "<group>";
		};
		5221BC12227058E000A78013 /* StartupPage */ = {
			isa = PBXGroup;
			children = (
				5221BC132270592000A78013 /* LYWNewfeatureViewController.h */,
				5221BC142270592000A78013 /* LYWNewfeatureViewController.m */,
			);
			path = StartupPage;
			sourceTree = "<group>";
		};
		5227624722E163C8003CFB3A /* TypeView */ = {
			isa = PBXGroup;
			children = (
				5227624822E163F5003CFB3A /* NoticeTypeView.h */,
				5227624922E163F5003CFB3A /* NoticeTypeView.m */,
			);
			path = TypeView;
			sourceTree = "<group>";
		};
		522934A6227160CE00B30E94 /* Tools */ = {
			isa = PBXGroup;
			children = (
				522934A7227160E900B30E94 /* UIImage+LXExtension.h */,
				522934A8227160E900B30E94 /* UIImage+LXExtension.m */,
			);
			path = Tools;
			sourceTree = "<group>";
		};
		522E9F1522CB454A00781502 /* SelectDate */ = {
			isa = PBXGroup;
			children = (
				522E9F1922CB457200781502 /* DayCollectionViewCell.h */,
				522E9F1622CB457200781502 /* DayCollectionViewCell.m */,
				522E9F1C22CB457200781502 /* HotelCalendarViewController.h */,
				522E9F1722CB457200781502 /* HotelCalendarViewController.m */,
				522E9F1D22CB457200781502 /* MonthModel.h */,
				522E9F1822CB457200781502 /* MonthModel.m */,
				522E9F1A22CB457200781502 /* MonthTableViewCell.h */,
				522E9F1B22CB457200781502 /* MonthTableViewCell.m */,
			);
			path = SelectDate;
			sourceTree = "<group>";
		};
		522E9F2F22CE1B6F00781502 /* ScaleSlider */ = {
			isa = PBXGroup;
			children = (
				522E9F3622CF03F700781502 /* DoubleSliderView.h */,
				522E9F3722CF03F800781502 /* DoubleSliderView.m */,
				522E9F3522CF03F700781502 /* UIView+Extension.h */,
				522E9F3822CF03F800781502 /* UIView+Extension.m */,
			);
			path = ScaleSlider;
			sourceTree = "<group>";
		};
		522E9F3B22D06AD200781502 /* YZNavigationMenuVIew */ = {
			isa = PBXGroup;
			children = (
				522E9F3C22D06AD200781502 /* YZNavigationMenuView.h */,
				522E9F3D22D06AD200781502 /* YZNavigationMenuView.m */,
			);
			path = YZNavigationMenuVIew;
			sourceTree = "<group>";
		};
		522E9F3F22D07E9D00781502 /* SearchName */ = {
			isa = PBXGroup;
			children = (
				522E9F4022D07EC900781502 /* SearchNameViewController.h */,
				522E9F4122D07EC900781502 /* SearchNameViewController.m */,
			);
			path = SearchName;
			sourceTree = "<group>";
		};
		522E9F4322D30DF000781502 /* HotelCell */ = {
			isa = PBXGroup;
			children = (
				522E9F4422D30E3100781502 /* HotelTableViewCell.h */,
				522E9F4522D30E3100781502 /* HotelTableViewCell.m */,
			);
			path = HotelCell;
			sourceTree = "<group>";
		};
		522E9F4722D4865B00781502 /* HotelDatail */ = {
			isa = PBXGroup;
			children = (
				522E9F4822D4868800781502 /* HotelDetailView.h */,
				522E9F4922D4868800781502 /* HotelDetailView.m */,
			);
			path = HotelDatail;
			sourceTree = "<group>";
		};
		524D811522FAC0820021CF0C /* HouseManager */ = {
			isa = PBXGroup;
			children = (
				524D811622FAC0990021CF0C /* HouseManageViewController.h */,
				524D811722FAC0990021CF0C /* HouseManageViewController.m */,
				525026522301571E00DFFEA0 /* SaveImage_Util.h */,
				525026532301571E00DFFEA0 /* SaveImage_Util.m */,
				52D57EBD230EB123007365CE /* TestViewController.h */,
				52D57EBE230EB123007365CE /* TestViewController.m */,
			);
			path = HouseManager;
			sourceTree = "<group>";
		};
		525B227822E01D28001BA5C4 /* MoreFilter */ = {
			isa = PBXGroup;
			children = (
				5227624722E163C8003CFB3A /* TypeView */,
				525B227C22E05E8F001BA5C4 /* MoreFilterViewController.h */,
				525B227D22E05E8F001BA5C4 /* MoreFilterViewController.m */,
				525B227F22E081DA001BA5C4 /* LeaseTypeView.h */,
				525B228022E081DA001BA5C4 /* LeaseTypeView.m */,
				525B228222E098EE001BA5C4 /* EquipmentButton.h */,
				525B228322E098EE001BA5C4 /* EquipmentButton.m */,
			);
			path = MoreFilter;
			sourceTree = "<group>";
		};
		526EF98923387A01006D889C /* Tool */ = {
			isa = PBXGroup;
			children = (
				526EF98A23387A75006D889C /* UIImage+LXExtension.h */,
				526EF98B23387A76006D889C /* UIImage+LXExtension.m */,
			);
			path = Tool;
			sourceTree = "<group>";
		};
		527071AD222CF1BC00B73769 = {
			isa = PBXGroup;
			children = (
				526EF98923387A01006D889C /* Tool */,
				524D811522FAC0820021CF0C /* HouseManager */,
				522E9F4722D4865B00781502 /* HotelDatail */,
				52BC542422C7479600E31B50 /* search */,
				522934A6227160CE00B30E94 /* Tools */,
				5221BC12227058E000A78013 /* StartupPage */,
				5299AFF52243910700699683 /* MyCollection */,
				5299AFF12242404E00699683 /* mapView */,
				52707200222F655A00B73769 /* Define */,
				527071FC222E780800B73769 /* Service */,
				527071F8222E77AE00B73769 /* login */,
				527071F4222E778A00B73769 /* UserModels */,
				527071F0222E767800B73769 /* WebView */,
				527071B8222CF1BC00B73769 /* NewTown */,
				527071D4222CF1BE00B73769 /* NewTownTests */,
				527071DF222CF1BF00B73769 /* NewTownUITests */,
				527071B7222CF1BC00B73769 /* Products */,
				0DD703DC70EB8C6A8D68DE42 /* Pods */,
				CC41333DD9054A9D0C4D6A27 /* Frameworks */,
			);
			sourceTree = "<group>";
		};
		527071B7222CF1BC00B73769 /* Products */ = {
			isa = PBXGroup;
			children = (
				527071B6222CF1BC00B73769 /* NewTown.app */,
				527071D1222CF1BE00B73769 /* NewTownTests.xctest */,
				527071DC222CF1BF00B73769 /* NewTownUITests.xctest */,
			);
			name = Products;
			sourceTree = "<group>";
		};
		527071B8222CF1BC00B73769 /* NewTown */ = {
			isa = PBXGroup;
			children = (
				CB3903DE233238C8003C3957 /* loading_1.gif */,
				52BC542822CA02ED00E31B50 /* citydict.plist */,
				527071B9222CF1BC00B73769 /* AppDelegate.h */,
				527071BA222CF1BC00B73769 /* AppDelegate.m */,
				527071BF222CF1BC00B73769 /* Main.storyboard */,
				527071C5222CF1BE00B73769 /* Assets.xcassets */,
				527071C7222CF1BE00B73769 /* LaunchScreen.storyboard */,
				527071CA222CF1BE00B73769 /* Info.plist */,
				527071CB222CF1BE00B73769 /* main.m */,
				527071C2222CF1BC00B73769 /* NewTown.xcdatamodeld */,
			);
			path = NewTown;
			sourceTree = "<group>";
		};
		527071D4222CF1BE00B73769 /* NewTownTests */ = {
			isa = PBXGroup;
			children = (
				527071D5222CF1BE00B73769 /* NewTownTests.m */,
				527071D7222CF1BE00B73769 /* Info.plist */,
			);
			path = NewTownTests;
			sourceTree = "<group>";
		};
		527071DF222CF1BF00B73769 /* NewTownUITests */ = {
			isa = PBXGroup;
			children = (
				527071E0222CF1BF00B73769 /* NewTownUITests.m */,
				527071E2222CF1BF00B73769 /* Info.plist */,
			);
			path = NewTownUITests;
			sourceTree = "<group>";
		};
		527071F0222E767800B73769 /* WebView */ = {
			isa = PBXGroup;
			children = (
				527071F2222E76A300B73769 /* WebViewController.h */,
				527071F1222E76A200B73769 /* WebViewController.m */,
				52A120B4231CE302002715D3 /* CustomizeView.h */,
				52A120B5231CE302002715D3 /* CustomizeView.m */,
			);
			path = WebView;
			sourceTree = "<group>";
		};
		527071F4222E778A00B73769 /* UserModels */ = {
			isa = PBXGroup;
			children = (
				527071F5222E778A00B73769 /* UserModel.m */,
				527071F6222E778A00B73769 /* UserModel.h */,
			);
			path = UserModels;
			sourceTree = "<group>";
		};
		527071F8222E77AE00B73769 /* login */ = {
			isa = PBXGroup;
			children = (
				527071FA222E77AE00B73769 /* LoginViewController.h */,
				527071F9222E77AE00B73769 /* LoginViewController.m */,
				5229691D2253549F00BA72A8 /* CustomLabel.h */,
				5229691E2253549F00BA72A8 /* CustomLabel.m */,
			);
			path = login;
			sourceTree = "<group>";
		};
		527071FC222E780800B73769 /* Service */ = {
			isa = PBXGroup;
			children = (
				527071FD222E780800B73769 /* YZDUICService.h */,
				527071FE222E780800B73769 /* YZDUICService.m */,
			);
			path = Service;
			sourceTree = "<group>";
		};
		52707200222F655A00B73769 /* Define */ = {
			isa = PBXGroup;
			children = (
				52707202222F6B4E00B73769 /* CommonHeader.h */,
				52707201222F657800B73769 /* YZDemoConfig.h */,
			);
			path = Define;
			sourceTree = "<group>";
		};
		5299AFF12242404E00699683 /* mapView */ = {
			isa = PBXGroup;
			children = (
				5299AFF22242407000699683 /* MapInfoViewController.h */,
				5299AFF32242407000699683 /* MapInfoViewController.m */,
				5299AFFC224A362800699683 /* BottomTownItemView.h */,
				5299AFFD224A362800699683 /* BottomTownItemView.m */,
				522E2D2F22AE50EE009F1224 /* MapNavgationViewController.h */,
				522E2D3022AE50EE009F1224 /* MapNavgationViewController.m */,
				521C612422D97C3800489BCD /* NewMapNavgationViewController.h */,
				521C612522D97C3800489BCD /* NewMapNavgationViewController.m */,
			);
			path = mapView;
			sourceTree = "<group>";
		};
		5299AFF52243910700699683 /* MyCollection */ = {
			isa = PBXGroup;
			children = (
				5299AFF62243912C00699683 /* CollectionViewController.h */,
				5299AFF72243912C00699683 /* CollectionViewController.m */,
				5299AFF92243AB8900699683 /* CollectTableViewCell.h */,
				5299AFFA2243AB8900699683 /* CollectTableViewCell.m */,
			);
			path = MyCollection;
			sourceTree = "<group>";
		};
		52BC542422C7479600E31B50 /* search */ = {
			isa = PBXGroup;
			children = (
				525B227822E01D28001BA5C4 /* MoreFilter */,
				521C612022D6D0E000489BCD /* SFLabel */,
				522E9F4322D30DF000781502 /* HotelCell */,
				522E9F3F22D07E9D00781502 /* SearchName */,
				522E9F3B22D06AD200781502 /* YZNavigationMenuVIew */,
				522E9F2F22CE1B6F00781502 /* ScaleSlider */,
				522E9F1522CB454A00781502 /* SelectDate */,
				52BC542122C7478C00E31B50 /* SearchViewController.h */,
				52BC542222C7478C00E31B50 /* SearchViewController.m */,
				52BC542522C9F0E300E31B50 /* SelectAddressViewController.h */,
				52BC542622C9F0E300E31B50 /* SelectAddressViewController.m */,
				522E9F2222CB4FFC00781502 /* SearchResultViewController.h */,
				522E9F2322CB4FFC00781502 /* SearchResultViewController.m */,
			);
			path = search;
			sourceTree = "<group>";
		};
		CC41333DD9054A9D0C4D6A27 /* Frameworks */ = {
			isa = PBXGroup;
			children = (
				5256ACF9226D6ADA00AAFB77 /* YZBaseSDK.framework */,
				5256ACF8226D6ADA00AAFB77 /* YZSDKCore.framework */,
				5256ACFC226D6B1A00AAFB77 /* YZBaseSDK.framework */,
				5256ACFD226D6B1A00AAFB77 /* YZSDKCore.framework */,
				191FDF8BA6EE98F65C0D8615 /* libPods-NewTown.a */,
			);
			name = Frameworks;
			sourceTree = "<group>";
		};
/* End PBXGroup section */

/* Begin PBXNativeTarget section */
		527071B5222CF1BC00B73769 /* NewTown */ = {
			isa = PBXNativeTarget;
			buildConfigurationList = 527071E5222CF1BF00B73769 /* Build configuration list for PBXNativeTarget "NewTown" */;
			buildPhases = (
				5968A90AE7F329554ED25903 /* [CP] Check Pods Manifest.lock */,
				527071B2222CF1BC00B73769 /* Sources */,
				527071B3222CF1BC00B73769 /* Frameworks */,
				527071B4222CF1BC00B73769 /* Resources */,
				07B8F8AACC0A410162D4DDF0 /* [CP] Copy Pods Resources */,
				C0794740D41874B00771B79B /* [CP] Embed Pods Frameworks */,
			);
			buildRules = (
			);
			dependencies = (
			);
			name = NewTown;
			productName = NewTown;
			productReference = 527071B6222CF1BC00B73769 /* NewTown.app */;
			productType = "com.apple.product-type.application";
		};
		527071D0222CF1BE00B73769 /* NewTownTests */ = {
			isa = PBXNativeTarget;
			buildConfigurationList = 527071E8222CF1BF00B73769 /* Build configuration list for PBXNativeTarget "NewTownTests" */;
			buildPhases = (
				527071CD222CF1BE00B73769 /* Sources */,
				527071CE222CF1BE00B73769 /* Frameworks */,
				527071CF222CF1BE00B73769 /* Resources */,
			);
			buildRules = (
			);
			dependencies = (
				527071D3222CF1BE00B73769 /* PBXTargetDependency */,
			);
			name = NewTownTests;
			productName = NewTownTests;
			productReference = 527071D1222CF1BE00B73769 /* NewTownTests.xctest */;
			productType = "com.apple.product-type.bundle.unit-test";
		};
		527071DB222CF1BF00B73769 /* NewTownUITests */ = {
			isa = PBXNativeTarget;
			buildConfigurationList = 527071EB222CF1BF00B73769 /* Build configuration list for PBXNativeTarget "NewTownUITests" */;
			buildPhases = (
				527071D8222CF1BF00B73769 /* Sources */,
				527071D9222CF1BF00B73769 /* Frameworks */,
				527071DA222CF1BF00B73769 /* Resources */,
			);
			buildRules = (
			);
			dependencies = (
				527071DE222CF1BF00B73769 /* PBXTargetDependency */,
			);
			name = NewTownUITests;
			productName = NewTownUITests;
			productReference = 527071DC222CF1BF00B73769 /* NewTownUITests.xctest */;
			productType = "com.apple.product-type.bundle.ui-testing";
		};
/* End PBXNativeTarget section */

/* Begin PBXProject section */
		527071AE222CF1BC00B73769 /* Project object */ = {
			isa = PBXProject;
			attributes = {
				LastUpgradeCheck = 1010;
				ORGANIZATIONNAME = macbookpro;
				TargetAttributes = {
					527071B5222CF1BC00B73769 = {
						CreatedOnToolsVersion = 10.1;
						LastSwiftMigration = 1020;
					};
					527071D0222CF1BE00B73769 = {
						CreatedOnToolsVersion = 10.1;
						TestTargetID = 527071B5222CF1BC00B73769;
					};
					527071DB222CF1BF00B73769 = {
						CreatedOnToolsVersion = 10.1;
						TestTargetID = 527071B5222CF1BC00B73769;
					};
				};
			};
			buildConfigurationList = 527071B1222CF1BC00B73769 /* Build configuration list for PBXProject "NewTown" */;
			compatibilityVersion = "Xcode 9.3";
			developmentRegion = en;
			hasScannedForEncodings = 0;
			knownRegions = (
				en,
				Base,
			);
			mainGroup = 527071AD222CF1BC00B73769;
			productRefGroup = 527071B7222CF1BC00B73769 /* Products */;
			projectDirPath = "";
			projectRoot = "";
			targets = (
				527071B5222CF1BC00B73769 /* NewTown */,
				527071D0222CF1BE00B73769 /* NewTownTests */,
				527071DB222CF1BF00B73769 /* NewTownUITests */,
			);
		};
/* End PBXProject section */

/* Begin PBXResourcesBuildPhase section */
		527071B4222CF1BC00B73769 /* Resources */ = {
			isa = PBXResourcesBuildPhase;
			buildActionMask = 2147483647;
			files = (
				527071C9222CF1BE00B73769 /* LaunchScreen.storyboard in Resources */,
				CB3903DF233238C9003C3957 /* loading_1.gif in Resources */,
				52BC542922CA02ED00E31B50 /* citydict.plist in Resources */,
				527071C6222CF1BE00B73769 /* Assets.xcassets in Resources */,
				527071C1222CF1BC00B73769 /* Main.storyboard in Resources */,
			);
			runOnlyForDeploymentPostprocessing = 0;
		};
		527071CF222CF1BE00B73769 /* Resources */ = {
			isa = PBXResourcesBuildPhase;
			buildActionMask = 2147483647;
			files = (
			);
			runOnlyForDeploymentPostprocessing = 0;
		};
		527071DA222CF1BF00B73769 /* Resources */ = {
			isa = PBXResourcesBuildPhase;
			buildActionMask = 2147483647;
			files = (
			);
			runOnlyForDeploymentPostprocessing = 0;
		};
/* End PBXResourcesBuildPhase section */

/* Begin PBXShellScriptBuildPhase section */
		07B8F8AACC0A410162D4DDF0 /* [CP] Copy Pods Resources */ = {
			isa = PBXShellScriptBuildPhase;
			buildActionMask = 2147483647;
			files = (
			);
			inputPaths = (
				"${SRCROOT}/Pods/Target Support Files/Pods-NewTown/Pods-NewTown-resources.sh",
				"${PODS_ROOT}/MJRefresh/MJRefresh/MJRefresh.bundle",
				"${PODS_CONFIGURATION_BUILD_DIR}/Parse/Parse.bundle",
				"${PODS_ROOT}/Weibo_SDK/libWeiboSDK/WeiboSDK.bundle",
			);
			name = "[CP] Copy Pods Resources";
			outputPaths = (
				"${TARGET_BUILD_DIR}/${UNLOCALIZED_RESOURCES_FOLDER_PATH}/MJRefresh.bundle",
				"${TARGET_BUILD_DIR}/${UNLOCALIZED_RESOURCES_FOLDER_PATH}/Parse.bundle",
				"${TARGET_BUILD_DIR}/${UNLOCALIZED_RESOURCES_FOLDER_PATH}/WeiboSDK.bundle",
			);
			runOnlyForDeploymentPostprocessing = 0;
			shellPath = /bin/sh;
			shellScript = "\"${SRCROOT}/Pods/Target Support Files/Pods-NewTown/Pods-NewTown-resources.sh\"\n";
			showEnvVarsInLog = 0;
		};
		5968A90AE7F329554ED25903 /* [CP] Check Pods Manifest.lock */ = {
			isa = PBXShellScriptBuildPhase;
			buildActionMask = 2147483647;
			files = (
			);
			inputPaths = (
				"${PODS_PODFILE_DIR_PATH}/Podfile.lock",
				"${PODS_ROOT}/Manifest.lock",
			);
			name = "[CP] Check Pods Manifest.lock";
			outputPaths = (
				"$(DERIVED_FILE_DIR)/Pods-NewTown-checkManifestLockResult.txt",
			);
			runOnlyForDeploymentPostprocessing = 0;
			shellPath = /bin/sh;
			shellScript = "diff \"${PODS_PODFILE_DIR_PATH}/Podfile.lock\" \"${PODS_ROOT}/Manifest.lock\" > /dev/null\nif [ $? != 0 ] ; then\n    # print error to STDERR\n    echo \"error: The sandbox is not in sync with the Podfile.lock. Run 'pod install' or update your CocoaPods installation.\" >&2\n    exit 1\nfi\n# This output is used by Xcode 'outputs' to avoid re-running this script phase.\necho \"SUCCESS\" > \"${SCRIPT_OUTPUT_FILE_0}\"\n";
			showEnvVarsInLog = 0;
		};
		C0794740D41874B00771B79B /* [CP] Embed Pods Frameworks */ = {
			isa = PBXShellScriptBuildPhase;
			buildActionMask = 2147483647;
			files = (
			);
			inputPaths = (
				"${SRCROOT}/Pods/Target Support Files/Pods-NewTown/Pods-NewTown-frameworks.sh",
				"${PODS_ROOT}/YZAppSDK/Release/YZBaseSDK.framework",
				"${PODS_ROOT}/YZAppSDK/Release/YZSDKCore.framework",
			);
			name = "[CP] Embed Pods Frameworks";
			outputPaths = (
				"${TARGET_BUILD_DIR}/${FRAMEWORKS_FOLDER_PATH}/YZBaseSDK.framework",
				"${TARGET_BUILD_DIR}/${FRAMEWORKS_FOLDER_PATH}/YZSDKCore.framework",
			);
			runOnlyForDeploymentPostprocessing = 0;
			shellPath = /bin/sh;
			shellScript = "\"${SRCROOT}/Pods/Target Support Files/Pods-NewTown/Pods-NewTown-frameworks.sh\"\n";
			showEnvVarsInLog = 0;
		};
/* End PBXShellScriptBuildPhase section */

/* Begin PBXSourcesBuildPhase section */
		527071B2222CF1BC00B73769 /* Sources */ = {
			isa = PBXSourcesBuildPhase;
			buildActionMask = 2147483647;
			files = (
				522E9F2022CB457200781502 /* MonthModel.m in Sources */,
				5221BC152270592000A78013 /* LYWNewfeatureViewController.m in Sources */,
				522E9F2122CB457200781502 /* MonthTableViewCell.m in Sources */,
				527071F3222E76A300B73769 /* WebViewController.m in Sources */,
				5299AFFE224A362900699683 /* BottomTownItemView.m in Sources */,
				527071F7222E778A00B73769 /* UserModel.m in Sources */,
				522E9F3A22CF03F800781502 /* UIView+Extension.m in Sources */,
				527071FF222E780900B73769 /* YZDUICService.m in Sources */,
				5299AFF42242407000699683 /* MapInfoViewController.m in Sources */,
				52BC542322C7478C00E31B50 /* SearchViewController.m in Sources */,
				525026542301571E00DFFEA0 /* SaveImage_Util.m in Sources */,
				522E2D3122AE50EE009F1224 /* MapNavgationViewController.m in Sources */,
				527071C4222CF1BC00B73769 /* NewTown.xcdatamodeld in Sources */,
				522E9F4622D30E3100781502 /* HotelTableViewCell.m in Sources */,
				52BC542722C9F0E300E31B50 /* SelectAddressViewController.m in Sources */,
				5227624A22E163F5003CFB3A /* NoticeTypeView.m in Sources */,
				522E9F3922CF03F800781502 /* DoubleSliderView.m in Sources */,
				527071FB222E77AE00B73769 /* LoginViewController.m in Sources */,
				522E9F2422CB4FFC00781502 /* SearchResultViewController.m in Sources */,
				524D811822FAC0990021CF0C /* HouseManageViewController.m in Sources */,
				525B228422E098EE001BA5C4 /* EquipmentButton.m in Sources */,
				525B228122E081DA001BA5C4 /* LeaseTypeView.m in Sources */,
				527071CC222CF1BE00B73769 /* main.m in Sources */,
				522E9F4A22D4868800781502 /* HotelDetailView.m in Sources */,
				526EF98C23387A76006D889C /* UIImage+LXExtension.m in Sources */,
				525B227E22E05E8F001BA5C4 /* MoreFilterViewController.m in Sources */,
				521C612322D6D0FE00489BCD /* SFLabel.m in Sources */,
				52D57EBF230EB123007365CE /* TestViewController.m in Sources */,
				522E9F1E22CB457200781502 /* DayCollectionViewCell.m in Sources */,
				522934A9227160E900B30E94 /* UIImage+LXExtension.m in Sources */,
				527071BB222CF1BC00B73769 /* AppDelegate.m in Sources */,
				522E9F3E22D06AD200781502 /* YZNavigationMenuView.m in Sources */,
				521C612622D97C3800489BCD /* NewMapNavgationViewController.m in Sources */,
				5299AFFB2243AB8900699683 /* CollectTableViewCell.m in Sources */,
				522E9F1F22CB457200781502 /* HotelCalendarViewController.m in Sources */,
				522E9F4222D07EC900781502 /* SearchNameViewController.m in Sources */,
				5299AFF82243912D00699683 /* CollectionViewController.m in Sources */,
				52A120B6231CE302002715D3 /* CustomizeView.m in Sources */,
				5229691F2253549F00BA72A8 /* CustomLabel.m in Sources */,
			);
			runOnlyForDeploymentPostprocessing = 0;
		};
		527071CD222CF1BE00B73769 /* Sources */ = {
			isa = PBXSourcesBuildPhase;
			buildActionMask = 2147483647;
			files = (
				527071D6222CF1BE00B73769 /* NewTownTests.m in Sources */,
			);
			runOnlyForDeploymentPostprocessing = 0;
		};
		527071D8222CF1BF00B73769 /* Sources */ = {
			isa = PBXSourcesBuildPhase;
			buildActionMask = 2147483647;
			files = (
				527071E1222CF1BF00B73769 /* NewTownUITests.m in Sources */,
			);
			runOnlyForDeploymentPostprocessing = 0;
		};
/* End PBXSourcesBuildPhase section */

/* Begin PBXTargetDependency section */
		527071D3222CF1BE00B73769 /* PBXTargetDependency */ = {
			isa = PBXTargetDependency;
			target = 527071B5222CF1BC00B73769 /* NewTown */;
			targetProxy = 527071D2222CF1BE00B73769 /* PBXContainerItemProxy */;
		};
		527071DE222CF1BF00B73769 /* PBXTargetDependency */ = {
			isa = PBXTargetDependency;
			target = 527071B5222CF1BC00B73769 /* NewTown */;
			targetProxy = 527071DD222CF1BF00B73769 /* PBXContainerItemProxy */;
		};
/* End PBXTargetDependency section */

/* Begin PBXVariantGroup section */
		527071BF222CF1BC00B73769 /* Main.storyboard */ = {
			isa = PBXVariantGroup;
			children = (
				527071C0222CF1BC00B73769 /* Base */,
			);
			name = Main.storyboard;
			sourceTree = "<group>";
		};
		527071C7222CF1BE00B73769 /* LaunchScreen.storyboard */ = {
			isa = PBXVariantGroup;
			children = (
				527071C8222CF1BE00B73769 /* Base */,
			);
			name = LaunchScreen.storyboard;
			sourceTree = "<group>";
		};
/* End PBXVariantGroup section */

/* Begin XCBuildConfiguration section */
		527071E3222CF1BF00B73769 /* Debug */ = {
			isa = XCBuildConfiguration;
			buildSettings = {
				ALWAYS_SEARCH_USER_PATHS = NO;
				CLANG_ANALYZER_NONNULL = YES;
				CLANG_ANALYZER_NUMBER_OBJECT_CONVERSION = YES_AGGRESSIVE;
				CLANG_CXX_LANGUAGE_STANDARD = "gnu++14";
				CLANG_CXX_LIBRARY = "libc++";
				CLANG_ENABLE_MODULES = YES;
				CLANG_ENABLE_OBJC_ARC = YES;
				CLANG_ENABLE_OBJC_WEAK = YES;
				CLANG_WARN_BLOCK_CAPTURE_AUTORELEASING = YES;
				CLANG_WARN_BOOL_CONVERSION = YES;
				CLANG_WARN_COMMA = YES;
				CLANG_WARN_CONSTANT_CONVERSION = YES;
				CLANG_WARN_DEPRECATED_OBJC_IMPLEMENTATIONS = YES;
				CLANG_WARN_DIRECT_OBJC_ISA_USAGE = YES_ERROR;
				CLANG_WARN_DOCUMENTATION_COMMENTS = YES;
				CLANG_WARN_EMPTY_BODY = YES;
				CLANG_WARN_ENUM_CONVERSION = YES;
				CLANG_WARN_INFINITE_RECURSION = YES;
				CLANG_WARN_INT_CONVERSION = YES;
				CLANG_WARN_NON_LITERAL_NULL_CONVERSION = YES;
				CLANG_WARN_OBJC_IMPLICIT_RETAIN_SELF = YES;
				CLANG_WARN_OBJC_LITERAL_CONVERSION = YES;
				CLANG_WARN_OBJC_ROOT_CLASS = YES_ERROR;
				CLANG_WARN_RANGE_LOOP_ANALYSIS = YES;
				CLANG_WARN_STRICT_PROTOTYPES = YES;
				CLANG_WARN_SUSPICIOUS_MOVE = YES;
				CLANG_WARN_UNGUARDED_AVAILABILITY = YES_AGGRESSIVE;
				CLANG_WARN_UNREACHABLE_CODE = YES;
				CLANG_WARN__DUPLICATE_METHOD_MATCH = YES;
				CODE_SIGN_IDENTITY = "iPhone Developer";
				COPY_PHASE_STRIP = NO;
				DEBUG_INFORMATION_FORMAT = dwarf;
				ENABLE_STRICT_OBJC_MSGSEND = YES;
				ENABLE_TESTABILITY = YES;
				GCC_C_LANGUAGE_STANDARD = gnu11;
				GCC_DYNAMIC_NO_PIC = NO;
				GCC_NO_COMMON_BLOCKS = YES;
				GCC_OPTIMIZATION_LEVEL = 0;
				GCC_PREPROCESSOR_DEFINITIONS = (
					"DEBUG=1",
					"$(inherited)",
				);
				GCC_WARN_64_TO_32_BIT_CONVERSION = YES;
				GCC_WARN_ABOUT_RETURN_TYPE = YES_ERROR;
				GCC_WARN_UNDECLARED_SELECTOR = YES;
				GCC_WARN_UNINITIALIZED_AUTOS = YES_AGGRESSIVE;
				GCC_WARN_UNUSED_FUNCTION = YES;
				GCC_WARN_UNUSED_VARIABLE = YES;
				IPHONEOS_DEPLOYMENT_TARGET = 12.1;
				MTL_ENABLE_DEBUG_INFO = INCLUDE_SOURCE;
				MTL_FAST_MATH = YES;
				ONLY_ACTIVE_ARCH = YES;
				SDKROOT = iphoneos;
			};
			name = Debug;
		};
		527071E4222CF1BF00B73769 /* Release */ = {
			isa = XCBuildConfiguration;
			buildSettings = {
				ALWAYS_SEARCH_USER_PATHS = NO;
				CLANG_ANALYZER_NONNULL = YES;
				CLANG_ANALYZER_NUMBER_OBJECT_CONVERSION = YES_AGGRESSIVE;
				CLANG_CXX_LANGUAGE_STANDARD = "gnu++14";
				CLANG_CXX_LIBRARY = "libc++";
				CLANG_ENABLE_MODULES = YES;
				CLANG_ENABLE_OBJC_ARC = YES;
				CLANG_ENABLE_OBJC_WEAK = YES;
				CLANG_WARN_BLOCK_CAPTURE_AUTORELEASING = YES;
				CLANG_WARN_BOOL_CONVERSION = YES;
				CLANG_WARN_COMMA = YES;
				CLANG_WARN_CONSTANT_CONVERSION = YES;
				CLANG_WARN_DEPRECATED_OBJC_IMPLEMENTATIONS = YES;
				CLANG_WARN_DIRECT_OBJC_ISA_USAGE = YES_ERROR;
				CLANG_WARN_DOCUMENTATION_COMMENTS = YES;
				CLANG_WARN_EMPTY_BODY = YES;
				CLANG_WARN_ENUM_CONVERSION = YES;
				CLANG_WARN_INFINITE_RECURSION = YES;
				CLANG_WARN_INT_CONVERSION = YES;
				CLANG_WARN_NON_LITERAL_NULL_CONVERSION = YES;
				CLANG_WARN_OBJC_IMPLICIT_RETAIN_SELF = YES;
				CLANG_WARN_OBJC_LITERAL_CONVERSION = YES;
				CLANG_WARN_OBJC_ROOT_CLASS = YES_ERROR;
				CLANG_WARN_RANGE_LOOP_ANALYSIS = YES;
				CLANG_WARN_STRICT_PROTOTYPES = YES;
				CLANG_WARN_SUSPICIOUS_MOVE = YES;
				CLANG_WARN_UNGUARDED_AVAILABILITY = YES_AGGRESSIVE;
				CLANG_WARN_UNREACHABLE_CODE = YES;
				CLANG_WARN__DUPLICATE_METHOD_MATCH = YES;
				CODE_SIGN_IDENTITY = "iPhone Developer";
				COPY_PHASE_STRIP = NO;
				DEBUG_INFORMATION_FORMAT = "dwarf-with-dsym";
				ENABLE_NS_ASSERTIONS = NO;
				ENABLE_STRICT_OBJC_MSGSEND = YES;
				GCC_C_LANGUAGE_STANDARD = gnu11;
				GCC_NO_COMMON_BLOCKS = YES;
				GCC_WARN_64_TO_32_BIT_CONVERSION = YES;
				GCC_WARN_ABOUT_RETURN_TYPE = YES_ERROR;
				GCC_WARN_UNDECLARED_SELECTOR = YES;
				GCC_WARN_UNINITIALIZED_AUTOS = YES_AGGRESSIVE;
				GCC_WARN_UNUSED_FUNCTION = YES;
				GCC_WARN_UNUSED_VARIABLE = YES;
				IPHONEOS_DEPLOYMENT_TARGET = 12.1;
				MTL_ENABLE_DEBUG_INFO = NO;
				MTL_FAST_MATH = YES;
				SDKROOT = iphoneos;
				VALIDATE_PRODUCT = YES;
			};
			name = Release;
		};
		527071E6222CF1BF00B73769 /* Debug */ = {
			isa = XCBuildConfiguration;
			baseConfigurationReference = F854899CA6E759B27AD4D6C2 /* Pods-NewTown.debug.xcconfig */;
			buildSettings = {
				ASSETCATALOG_COMPILER_APPICON_NAME = AppIcon;
				CLANG_ENABLE_MODULES = YES;
				CODE_SIGN_IDENTITY = "iPhone Developer";
				CODE_SIGN_INJECT_BASE_ENTITLEMENTS = YES;
				CODE_SIGN_STYLE = Automatic;
				DEVELOPMENT_TEAM = 3KTDQAR5AJ;
				ENABLE_BITCODE = NO;
				FRAMEWORK_SEARCH_PATHS = (
					"$(inherited)",
					"$(PROJECT_DIR)/Release",
				);
				INFOPLIST_FILE = NewTown/Info.plist;
				IPHONEOS_DEPLOYMENT_TARGET = 10.1;
				LD_RUNPATH_SEARCH_PATHS = (
					"$(inherited)",
					"@executable_path/Frameworks",
				);
				PRODUCT_BUNDLE_IDENTIFIER = com.qqqz.MZMJ;
				PRODUCT_NAME = "$(TARGET_NAME)";
				PROVISIONING_PROFILE_SPECIFIER = "";
				SWIFT_OBJC_BRIDGING_HEADER = "";
				SWIFT_OPTIMIZATION_LEVEL = "-Onone";
				SWIFT_VERSION = 5.0;
				TARGETED_DEVICE_FAMILY = 1;
			};
			name = Debug;
		};
		527071E7222CF1BF00B73769 /* Release */ = {
			isa = XCBuildConfiguration;
			baseConfigurationReference = B18E784FDF957FFF7A65C809 /* Pods-NewTown.release.xcconfig */;
			buildSettings = {
				ASSETCATALOG_COMPILER_APPICON_NAME = AppIcon;
				CLANG_ENABLE_MODULES = YES;
				CODE_SIGN_IDENTITY = "iPhone Developer";
				CODE_SIGN_INJECT_BASE_ENTITLEMENTS = YES;
				CODE_SIGN_STYLE = Automatic;
				DEVELOPMENT_TEAM = 3KTDQAR5AJ;
				ENABLE_BITCODE = NO;
				FRAMEWORK_SEARCH_PATHS = (
					"$(inherited)",
					"$(PROJECT_DIR)/Release",
				);
				INFOPLIST_FILE = NewTown/Info.plist;
				IPHONEOS_DEPLOYMENT_TARGET = 10.1;
				LD_RUNPATH_SEARCH_PATHS = (
					"$(inherited)",
					"@executable_path/Frameworks",
				);
				PRODUCT_BUNDLE_IDENTIFIER = com.qqqz.MZMJ;
				PRODUCT_NAME = "$(TARGET_NAME)";
				PROVISIONING_PROFILE_SPECIFIER = "";
				SWIFT_OBJC_BRIDGING_HEADER = "";
				SWIFT_VERSION = 5.0;
				TARGETED_DEVICE_FAMILY = 1;
			};
			name = Release;
		};
		527071E9222CF1BF00B73769 /* Debug */ = {
			isa = XCBuildConfiguration;
			buildSettings = {
				BUNDLE_LOADER = "$(TEST_HOST)";
				CODE_SIGN_STYLE = Automatic;
				DEVELOPMENT_TEAM = 2YNXV35PZJ;
				INFOPLIST_FILE = NewTownTests/Info.plist;
				LD_RUNPATH_SEARCH_PATHS = (
					"$(inherited)",
					"@executable_path/Frameworks",
					"@loader_path/Frameworks",
				);
				PRODUCT_BUNDLE_IDENTIFIER = com.bigegg.com.NewTownTests;
				PRODUCT_NAME = "$(TARGET_NAME)";
				TARGETED_DEVICE_FAMILY = "1,2";
				TEST_HOST = "$(BUILT_PRODUCTS_DIR)/NewTown.app/NewTown";
			};
			name = Debug;
		};
		527071EA222CF1BF00B73769 /* Release */ = {
			isa = XCBuildConfiguration;
			buildSettings = {
				BUNDLE_LOADER = "$(TEST_HOST)";
				CODE_SIGN_STYLE = Automatic;
				DEVELOPMENT_TEAM = 2YNXV35PZJ;
				INFOPLIST_FILE = NewTownTests/Info.plist;
				LD_RUNPATH_SEARCH_PATHS = (
					"$(inherited)",
					"@executable_path/Frameworks",
					"@loader_path/Frameworks",
				);
				PRODUCT_BUNDLE_IDENTIFIER = com.bigegg.com.NewTownTests;
				PRODUCT_NAME = "$(TARGET_NAME)";
				TARGETED_DEVICE_FAMILY = "1,2";
				TEST_HOST = "$(BUILT_PRODUCTS_DIR)/NewTown.app/NewTown";
			};
			name = Release;
		};
		527071EC222CF1BF00B73769 /* Debug */ = {
			isa = XCBuildConfiguration;
			buildSettings = {
				CODE_SIGN_STYLE = Automatic;
				DEVELOPMENT_TEAM = 2YNXV35PZJ;
				INFOPLIST_FILE = NewTownUITests/Info.plist;
				LD_RUNPATH_SEARCH_PATHS = (
					"$(inherited)",
					"@executable_path/Frameworks",
					"@loader_path/Frameworks",
				);
				PRODUCT_BUNDLE_IDENTIFIER = com.bigegg.com.NewTownUITests;
				PRODUCT_NAME = "$(TARGET_NAME)";
				TARGETED_DEVICE_FAMILY = "1,2";
				TEST_TARGET_NAME = NewTown;
			};
			name = Debug;
		};
		527071ED222CF1BF00B73769 /* Release */ = {
			isa = XCBuildConfiguration;
			buildSettings = {
				CODE_SIGN_STYLE = Automatic;
				DEVELOPMENT_TEAM = 2YNXV35PZJ;
				INFOPLIST_FILE = NewTownUITests/Info.plist;
				LD_RUNPATH_SEARCH_PATHS = (
					"$(inherited)",
					"@executable_path/Frameworks",
					"@loader_path/Frameworks",
				);
				PRODUCT_BUNDLE_IDENTIFIER = com.bigegg.com.NewTownUITests;
				PRODUCT_NAME = "$(TARGET_NAME)";
				TARGETED_DEVICE_FAMILY = "1,2";
				TEST_TARGET_NAME = NewTown;
			};
			name = Release;
		};
/* End XCBuildConfiguration section */

/* Begin XCConfigurationList section */
		527071B1222CF1BC00B73769 /* Build configuration list for PBXProject "NewTown" */ = {
			isa = XCConfigurationList;
			buildConfigurations = (
				527071E3222CF1BF00B73769 /* Debug */,
				527071E4222CF1BF00B73769 /* Release */,
			);
			defaultConfigurationIsVisible = 0;
			defaultConfigurationName = Release;
		};
		527071E5222CF1BF00B73769 /* Build configuration list for PBXNativeTarget "NewTown" */ = {
			isa = XCConfigurationList;
			buildConfigurations = (
				527071E6222CF1BF00B73769 /* Debug */,
				527071E7222CF1BF00B73769 /* Release */,
			);
			defaultConfigurationIsVisible = 0;
			defaultConfigurationName = Release;
		};
		527071E8222CF1BF00B73769 /* Build configuration list for PBXNativeTarget "NewTownTests" */ = {
			isa = XCConfigurationList;
			buildConfigurations = (
				527071E9222CF1BF00B73769 /* Debug */,
				527071EA222CF1BF00B73769 /* Release */,
			);
			defaultConfigurationIsVisible = 0;
			defaultConfigurationName = Release;
		};
		527071EB222CF1BF00B73769 /* Build configuration list for PBXNativeTarget "NewTownUITests" */ = {
			isa = XCConfigurationList;
			buildConfigurations = (
				527071EC222CF1BF00B73769 /* Debug */,
				527071ED222CF1BF00B73769 /* Release */,
			);
			defaultConfigurationIsVisible = 0;
			defaultConfigurationName = Release;
		};
/* End XCConfigurationList section */

/* Begin XCVersionGroup section */
		527071C2222CF1BC00B73769 /* NewTown.xcdatamodeld */ = {
			isa = XCVersionGroup;
			children = (
				527071C3222CF1BC00B73769 /* NewTown.xcdatamodel */,
			);
			currentVersion = 527071C3222CF1BC00B73769 /* NewTown.xcdatamodel */;
			path = NewTown.xcdatamodeld;
			sourceTree = "<group>";
			versionGroupType = wrapper.xcdatamodel;
		};
/* End XCVersionGroup section */
	};
	rootObject = 527071AE222CF1BC00B73769 /* Project object */;
}
